<Solution>
  <Project Path="docker-compose.dcproj">
    <Build />
  </Project>
  <Project Path="Dotchat/DotchatServer.csproj" />
  <Project Path="DotchatBenchmark/DotchatBenchmark.csproj" />
  <Project Path="DotchatClient/DotchatClient.csproj" Id="16a3a624-928a-4031-844f-e18410f568c8">
    <Deploy Solution="Debug|*" />
  </Project>
  <Project Path="DotchatShared/DotchatShared.csproj" />
  <Project Path="IntegrationTests/IntegrationTests.csproj" Id="3b1f82d9-4646-49f0-8113-a5bf9df93caf" />
</Solution>
